
Microsoft Visual Studio Solution File, Format Version 12.00
# Visual Studio Version 17
VisualStudioVersion = 17.2.32630.192
MinimumVisualStudioVersion = 10.0.40219.1
Project("{FAE04EC0-301F-11D3-BF4B-00C04F79EFBC}") = "ElectronicsHub_FrontEnd", "ElectronicsHub_FrontEnd.csproj", "{6604B179-22F2-44D7-A9B1-2A10340A8BE2}"
EndProject
Global
	GlobalSection(SolutionConfigurationPlatforms) = preSolution
		Debug|Any CPU = Debug|Any CPU
		Release|Any CPU = Release|Any CPU
	EndGlobalSection
	GlobalSection(ProjectConfigurationPlatforms) = postSolution
		{6604B179-22F2-44D7-A9B1-2A10340A8BE2}.Debug|Any CPU.ActiveCfg = Debug|Any CPU
		{6604B179-22F2-44D7-A9B1-2A10340A8BE2}.Debug|Any CPU.Build.0 = Debug|Any CPU
		{6604B179-22F2-44D7-A9B1-2A10340A8BE2}.Release|Any CPU.ActiveCfg = Release|Any CPU
		{6604B179-22F2-44D7-A9B1-2A10340A8BE2}.Release|Any CPU.Build.0 = Release|Any CPU
	EndGlobalSection
	GlobalSection(SolutionProperties) = preSolution
		HideSolutionNode = FALSE
	EndGlobalSection
	GlobalSection(ExtensibilityGlobals) = postSolution
		SolutionGuid = {2236887E-1C08-4F83-AFDD-9B0C15B981F7}
	EndGlobalSection
EndGlobal
